PODS:
  - Alamofire (5.6.4)
  - AlamofireImage (4.2.0):
    - Alamofire (~> 5.4)
  - AWSCognito (2.19.1):
    - AWSCore (= 2.19.1)
  - AWSCore (2.19.1)
  - Bolts/Tasks (1.9.1)
  - InputBarAccessoryView (5.5.0):
    - InputBarAccessoryView/Core (= 5.5.0)
  - InputBarAccessoryView/Core (5.5.0)
  - MessageInputBar (0.4.1):
    - MessageInputBar/Core (= 0.4.1)
  - MessageInputBar/Core (0.4.1)
  - MessageKit (3.8.0):
    - InputBarAccessoryView (~> 5.5.0)
  - Parse (1.19.4):
    - Parse/Core (= 1.19.4)
  - Parse/Core (1.19.4):
    - Bolts/Tasks (= 1.9.1)
  - SwiftLint (0.51.0)

DEPENDENCIES:
  - Alamofire
  - AlamofireImage (~> 4.1)
  - AWSCognito
  - AWSCore
  - MessageInputBar
  - MessageKit
  - Parse
  - SwiftLint

SPEC REPOS:
  trunk:
    - Alamofire
    - AlamofireImage
    - AWSCognito
    - AWSCore
    - Bolts
    - InputBarAccessoryView
    - MessageInputBar
    - MessageKit
    - Parse
    - SwiftLint

SPEC CHECKSUMS:
  Alamofire: 4e95d97098eacb88856099c4fc79b526a299e48c
  AlamofireImage: 34a2d90b0e5fe6a5605f85ae4b7b01e784c60192
  AWSCognito: f50de600804941d083af37a7568905f31a774727
  AWSCore: 55c154ae27efc5c98bdc30a0eeea5a35d10a2ab5
  Bolts: 8c1e8aab2f603387b8b9924f57d1d64f43d3ffdc
  InputBarAccessoryView: 1d7b0a672b36e370f01f264b3907ef39d03328e3
  MessageInputBar: e81c7535347f1f7b923de7080409a535a004b6e4
  MessageKit: a1ba0c69ebead94029867853eb44dd05b9b3f453
  Parse: 6d572042e2c171414c677acabcd9bab7bbf51264
  SwiftLint: 1b7561918a19e23bfed960e40759086e70f4dba5

PODFILE CHECKSUM: 37d7f57fd51e67d5ed0737123e76cdcdb4a779de

COCOAPODS: 1.12.0
