PODS:
  - Alamofire (5.4.1)
  - AlamofireImage (4.1.0):
    - Alamofire (~> 5.1)
  - AppAuth (1.6.0):
    - AppAuth/Core (= 1.6.0)
    - AppAuth/ExternalUserAgent (= 1.6.0)
  - AppAuth/Core (1.6.0)
  - AppAuth/ExternalUserAgent (1.6.0):
    - AppAuth/Core
  - Bolts/Tasks (1.9.1)
  - DTSocialMediaLogin (0.1.0):
    - FBSDKCoreKit (~> 7.0.0)
    - FBSDKLoginKit (~> 7.0.0)
    - GoogleSignIn (~> 5.0.2)
    - OAuthSwift (~> 2.1.0)
  - FBSDKCoreKit (7.0.1):
    - FBSDKCoreKit/Basics (= 7.0.1)
    - FBSDKCoreKit/Core (= 7.0.1)
  - FBSDKCoreKit/Basics (7.0.1)
  - FBSDKCoreKit/Core (7.0.1):
    - FBSDKCoreKit/Basics
  - FBSDKLoginKit (7.0.1):
    - FBSDKLoginKit/Login (= 7.0.1)
  - FBSDKLoginKit/Login (7.0.1):
    - FBSDKCoreKit (~> 7.0.1)
  - GoogleSignIn (5.0.2):
    - AppAuth (~> 1.2)
    - GTMAppAuth (~> 1.0)
    - GTMSessionFetcher/Core (~> 1.1)
  - GTMAppAuth (1.3.1):
    - AppAuth/Core (~> 1.6)
    - GTMSessionFetcher/Core (< 3.0, >= 1.5)
  - GTMSessionFetcher/Core (1.7.2)
  - InputBarAccessoryView (5.5.0):
    - InputBarAccessoryView/Core (= 5.5.0)
  - InputBarAccessoryView/Core (5.5.0)
  - MessageInputBar (0.4.1):
    - MessageInputBar/Core (= 0.4.1)
  - MessageInputBar/Core (0.4.1)
  - MessageKit (3.8.0):
    - InputBarAccessoryView (~> 5.5.0)
  - OAuthSwift (2.1.2)
  - Parse (1.19.1):
    - Parse/Core (= 1.19.1)
  - Parse/Core (1.19.1):
    - Bolts/Tasks (= 1.9.1)

DEPENDENCIES:
  - Alamofire
  - AlamofireImage (~> 4.1)
  - DTSocialMediaLogin
  - MessageInputBar
  - MessageKit
  - Parse

SPEC REPOS:
  trunk:
    - Alamofire
    - AlamofireImage
    - AppAuth
    - Bolts
    - DTSocialMediaLogin
    - FBSDKCoreKit
    - FBSDKLoginKit
    - GoogleSignIn
    - GTMAppAuth
    - GTMSessionFetcher
    - InputBarAccessoryView
    - MessageInputBar
    - MessageKit
    - OAuthSwift
    - Parse

SPEC CHECKSUMS:
  Alamofire: 2291f7d21ca607c491dd17642e5d40fdcda0e65c
  AlamofireImage: c4a2ba349885fb3064feb74d2e547bd42ce9be10
  AppAuth: 8fca6b5563a5baef2c04bee27538025e4ceb2add
  Bolts: 8c1e8aab2f603387b8b9924f57d1d64f43d3ffdc
  DTSocialMediaLogin: 7eff3e041145e0c4f2ad7481cc4d7c61cc13dbcf
  FBSDKCoreKit: 9cc05bec0568a5955c82eb59ae95da0fe125b88d
  FBSDKLoginKit: ecc6fd43c81b60f5b5e9388d58f137aff4a5d00b
  GoogleSignIn: 7137d297ddc022a7e0aa4619c86d72c909fa7213
  GTMAppAuth: 0ff230db599948a9ad7470ca667337803b3fc4dd
  GTMSessionFetcher: 5595ec75acf5be50814f81e9189490412bad82ba
  InputBarAccessoryView: 1d7b0a672b36e370f01f264b3907ef39d03328e3
  MessageInputBar: e81c7535347f1f7b923de7080409a535a004b6e4
  MessageKit: a1ba0c69ebead94029867853eb44dd05b9b3f453
  OAuthSwift: b95e3a54955d762aecf996e5088f69092623819b
  Parse: e40fdb9c7d665823b7fe9865949cac9a53eb2ce7

PODFILE CHECKSUM: 8286da1accc3bac8332f246bba8df98982ae7d83

COCOAPODS: 1.11.3
