PODS:
  - Alamofire (5.6.4)
  - AlamofireImage (4.2.0):
    - Alamofire (~> 5.4)
  - Bolts/Tasks (1.9.1)
  - InputBarAccessoryView (5.5.0):
    - InputBarAccessoryView/Core (= 5.5.0)
  - InputBarAccessoryView/Core (5.5.0)
  - MessageInputBar (0.4.1):
    - MessageInputBar/Core (= 0.4.1)
  - MessageInputBar/Core (0.4.1)
  - MessageKit (3.8.0):
    - InputBarAccessoryView (~> 5.5.0)
  - mongo-embedded-c-driver (1.13.0-4.0.4)
  - mongo_embedded (4.0.4)
  - mongoc_embedded (4.0.4):
    - mongo-embedded-c-driver (~> 1.13.0-4.0.4)
    - mongo_embedded (~> 4.0.4)
  - MongoMobile (0.1.0):
    - mongo_embedded (~> 4.0.4)
    - mongoc_embedded (~> 4.0.4)
    - MongoSwift (~> 0.1.0)
  - MongoSwift (0.1.0):
    - mongo-embedded-c-driver (~> 1.13.0-4.0.0)
  - Parse (1.19.4):
    - Parse/Core (= 1.19.4)
  - Parse/Core (1.19.4):
    - Bolts/Tasks (= 1.9.1)
  - Realm (10.36.0):
    - Realm/Headers (= 10.36.0)
  - Realm/Headers (10.36.0)
  - RealmSwift (10.36.0):
    - Realm (= 10.36.0)
  - StitchAWSService (6.4.0):
    - StitchCore (= 6.4.0)
    - StitchCoreAWSService (= 6.4.0)
  - StitchCore (6.4.0):
    - StitchCoreSDK (= 6.4.0)
  - StitchCoreAWSService (6.4.0):
    - StitchCoreSDK (= 6.4.0)
  - StitchCoreLocalMongoDBService (6.4.0):
    - MongoMobile (= 0.1.0)
    - StitchCoreSDK (= 6.4.0)
  - StitchCoreRemoteMongoDBService (6.4.0):
    - StitchCoreLocalMongoDBService (= 6.4.0)
    - StitchCoreSDK (= 6.4.0)
  - StitchCoreSDK (6.4.0):
    - MongoSwift (= 0.1.0)
  - StitchRemoteMongoDBService (6.4.0):
    - StitchCore (= 6.4.0)
    - StitchCoreRemoteMongoDBService (= 6.4.0)
  - StitchSDK (6.4.0):
    - StitchSDK/StitchSDK (= 6.4.0)
  - StitchSDK/StitchAWSService (6.4.0):
    - StitchAWSService (= 6.4.0)
  - StitchSDK/StitchRemoteMongoDBService (6.4.0):
    - StitchRemoteMongoDBService (= 6.4.0)
  - StitchSDK/StitchSDK (6.4.0):
    - StitchSDK/StitchRemoteMongoDBService

DEPENDENCIES:
  - Alamofire
  - AlamofireImage (~> 4.1)
  - MessageInputBar
  - MessageKit
  - Parse
  - RealmSwift (~> 10)
  - StitchSDK (= 6.4.0)
  - StitchSDK/StitchAWSService (= 6.4.0)

SPEC REPOS:
  trunk:
    - Alamofire
    - AlamofireImage
    - Bolts
    - InputBarAccessoryView
    - MessageInputBar
    - MessageKit
    - mongo-embedded-c-driver
    - mongo_embedded
    - mongoc_embedded
    - MongoMobile
    - MongoSwift
    - Parse
    - Realm
    - RealmSwift
    - StitchAWSService
    - StitchCore
    - StitchCoreAWSService
    - StitchCoreLocalMongoDBService
    - StitchCoreRemoteMongoDBService
    - StitchCoreSDK
    - StitchRemoteMongoDBService
    - StitchSDK

SPEC CHECKSUMS:
  Alamofire: 4e95d97098eacb88856099c4fc79b526a299e48c
  AlamofireImage: 34a2d90b0e5fe6a5605f85ae4b7b01e784c60192
  Bolts: 8c1e8aab2f603387b8b9924f57d1d64f43d3ffdc
  InputBarAccessoryView: 1d7b0a672b36e370f01f264b3907ef39d03328e3
  MessageInputBar: e81c7535347f1f7b923de7080409a535a004b6e4
  MessageKit: a1ba0c69ebead94029867853eb44dd05b9b3f453
  mongo-embedded-c-driver: b46360baa15fc142baae80628822f26663220bde
  mongo_embedded: e413134eb6b60544e7278add03007f8fe384a00c
  mongoc_embedded: 41aadbb756b07070d6f0471192a84750cb42c580
  MongoMobile: 988e8d2fd322761d6358570dde8a2b3d44801823
  MongoSwift: e20f86eae1beb06bbba49c2d73bb570961cc4c85
  Parse: 6d572042e2c171414c677acabcd9bab7bbf51264
  Realm: 3fd136cb4c83a927482a7f1612496d37beed3cf5
  RealmSwift: 513d4dcbf5bfc4d573454088b592685fc48dd716
  StitchAWSService: d2d2d5dd0fcc2c162ec5502b240639efe44e4d84
  StitchCore: 344f59b617dd5be8c32f0a2fdef39fb96591fc33
  StitchCoreAWSService: 22c10a8f81c12e39adfce8151cc10d9606d9fa14
  StitchCoreLocalMongoDBService: 26c339ea689d9633b33e266274406e7b4c3f2786
  StitchCoreRemoteMongoDBService: e328908dde887cb3a9e3465793b37b69cb19c0e7
  StitchCoreSDK: 4c4b847470229535a66f8ba6b2911c2eafc0d866
  StitchRemoteMongoDBService: f5befbafb01720c4d7193e054907fa0ebff569f0
  StitchSDK: 198397b6400c1fdd58e3e78300fe60374c700fe9

PODFILE CHECKSUM: f99142c78037f0d59e47096145f69fb7fc099878

COCOAPODS: 1.11.3
