// !$*UTF8*$!
{
	archiveVersion = 1;
	classes = {
	};
	objectVersion = 56;
	objects = {

/* Begin PBXBuildFile section */
		1836C4FA29BFCAA9000BC583 /* InteractionCell.swift in Sources */ = {isa = PBXBuildFile; fileRef = 1836C4F929BFCAA9000BC583 /* InteractionCell.swift */; };
		1838039229A13D9700F9043D /* CreateProfileViewController.swift in Sources */ = {isa = PBXBuildFile; fileRef = 1838039129A13D9700F9043D /* CreateProfileViewController.swift */; };
		185656ED29AEB25200663897 /* CommentViewController.swift in Sources */ = {isa = PBXBuildFile; fileRef = 185656EC29AEB25200663897 /* CommentViewController.swift */; };
		187687C429A70C9800ECC331 /* CommentCell.swift in Sources */ = {isa = PBXBuildFile; fileRef = 187687C329A70C9800ECC331 /* CommentCell.swift */; };
		1876BF5129D6415300D5258E /* Backend.swift in Sources */ = {isa = PBXBuildFile; fileRef = 1876BF5029D6415300D5258E /* Backend.swift */; };
		1876BF5429D6430700D5258E /* AWSAPIPlugin in Frameworks */ = {isa = PBXBuildFile; productRef = 1876BF5329D6430700D5258E /* AWSAPIPlugin */; };
		1876BF5629D6430700D5258E /* AWSCognitoAuthPlugin in Frameworks */ = {isa = PBXBuildFile; productRef = 1876BF5529D6430700D5258E /* AWSCognitoAuthPlugin */; };
		1876BF5829D6430700D5258E /* AWSDataStorePlugin in Frameworks */ = {isa = PBXBuildFile; productRef = 1876BF5729D6430700D5258E /* AWSDataStorePlugin */; };
		1876BF5A29D6430700D5258E /* AWSLocationGeoPlugin in Frameworks */ = {isa = PBXBuildFile; productRef = 1876BF5929D6430700D5258E /* AWSLocationGeoPlugin */; };
		1876BF5C29D6430700D5258E /* AWSPinpointAnalyticsPlugin in Frameworks */ = {isa = PBXBuildFile; productRef = 1876BF5B29D6430700D5258E /* AWSPinpointAnalyticsPlugin */; };
		1876BF5E29D6430700D5258E /* AWSPinpointPushNotificationsPlugin in Frameworks */ = {isa = PBXBuildFile; productRef = 1876BF5D29D6430700D5258E /* AWSPinpointPushNotificationsPlugin */; };
		1876BF6029D6430700D5258E /* AWSPluginsCore in Frameworks */ = {isa = PBXBuildFile; productRef = 1876BF5F29D6430700D5258E /* AWSPluginsCore */; };
		1876BF6229D6430700D5258E /* AWSS3StoragePlugin in Frameworks */ = {isa = PBXBuildFile; productRef = 1876BF6129D6430700D5258E /* AWSS3StoragePlugin */; };
		1876BF6429D6430700D5258E /* Amplify in Frameworks */ = {isa = PBXBuildFile; productRef = 1876BF6329D6430700D5258E /* Amplify */; };
		18787FB429D210C100F6D530 /* NotificationCell.swift in Sources */ = {isa = PBXBuildFile; fileRef = 18787FB329D210C100F6D530 /* NotificationCell.swift */; };
		1879D78E29AD83D7004D3130 /* ProfileViewController.swift in Sources */ = {isa = PBXBuildFile; fileRef = 1879D78D29AD83D7004D3130 /* ProfileViewController.swift */; };
		188BADB329A5DCC000351199 /* PostCell.swift in Sources */ = {isa = PBXBuildFile; fileRef = 188BADB229A5DCC000351199 /* PostCell.swift */; };
		189E19CC299F247F005AB155 /* FeedViewController.swift in Sources */ = {isa = PBXBuildFile; fileRef = 189E19CB299F247F005AB155 /* FeedViewController.swift */; };
		189E19CE299F248D005AB155 /* SignUpViewController.swift in Sources */ = {isa = PBXBuildFile; fileRef = 189E19CD299F248D005AB155 /* SignUpViewController.swift */; };
		189E19D4299F24C1005AB155 /* CameraViewController.swift in Sources */ = {isa = PBXBuildFile; fileRef = 189E19D3299F24C1005AB155 /* CameraViewController.swift */; };
		18A4823329D3A2F600D08A25 /* NotificationViewController.swift in Sources */ = {isa = PBXBuildFile; fileRef = 18A4823229D3A2F600D08A25 /* NotificationViewController.swift */; };
		18CC3595299E8C2C00668AF7 /* AppDelegate.swift in Sources */ = {isa = PBXBuildFile; fileRef = 18CC3594299E8C2C00668AF7 /* AppDelegate.swift */; };
		18CC3597299E8C2C00668AF7 /* SceneDelegate.swift in Sources */ = {isa = PBXBuildFile; fileRef = 18CC3596299E8C2C00668AF7 /* SceneDelegate.swift */; };
		18CC3599299E8C2C00668AF7 /* LoginViewController.swift in Sources */ = {isa = PBXBuildFile; fileRef = 18CC3598299E8C2C00668AF7 /* LoginViewController.swift */; };
		18CC359C299E8C2C00668AF7 /* Main.storyboard in Resources */ = {isa = PBXBuildFile; fileRef = 18CC359A299E8C2C00668AF7 /* Main.storyboard */; };
		18CC35A1299E8C2F00668AF7 /* LaunchScreen.storyboard in Resources */ = {isa = PBXBuildFile; fileRef = 18CC359F299E8C2F00668AF7 /* LaunchScreen.storyboard */; };
		18CC35AC299E8C2F00668AF7 /* VibeCheckTests.swift in Sources */ = {isa = PBXBuildFile; fileRef = 18CC35AB299E8C2F00668AF7 /* VibeCheckTests.swift */; };
		18CC35B6299E8C2F00668AF7 /* VibeCheckUITests.swift in Sources */ = {isa = PBXBuildFile; fileRef = 18CC35B5299E8C2F00668AF7 /* VibeCheckUITests.swift */; };
		18CC35B8299E8C2F00668AF7 /* VibeCheckUITestsLaunchTests.swift in Sources */ = {isa = PBXBuildFile; fileRef = 18CC35B7299E8C2F00668AF7 /* VibeCheckUITestsLaunchTests.swift */; };
		18DB71D6299EB28800DA3C4E /* Assets.xcassets in Resources */ = {isa = PBXBuildFile; fileRef = 18DB71D5299EB28800DA3C4E /* Assets.xcassets */; };
		18FC78C229D13DDB00ECBAC8 /* awsconfiguration.json in Resources */ = {isa = PBXBuildFile; fileRef = 18FC78C029D13DDA00ECBAC8 /* awsconfiguration.json */; };
		18FC78C329D13DDB00ECBAC8 /* amplifyconfiguration.json in Resources */ = {isa = PBXBuildFile; fileRef = 18FC78C129D13DDB00ECBAC8 /* amplifyconfiguration.json */; };
		5204565B3F7BE8783A58153E /* Pods_VibeCheck.framework in Frameworks */ = {isa = PBXBuildFile; fileRef = 118FC12B31E400CD44011D62 /* Pods_VibeCheck.framework */; };
		BE64A017BE160C61B0387916 /* Pods_VibeCheckTests.framework in Frameworks */ = {isa = PBXBuildFile; fileRef = C90FDCDD8F96DA348BE93F68 /* Pods_VibeCheckTests.framework */; };
		CE9354B1BC851D2C554D1628 /* Pods_VibeCheck_VibeCheckUITests.framework in Frameworks */ = {isa = PBXBuildFile; fileRef = 805CBE4FB6FA5C4043CB1876 /* Pods_VibeCheck_VibeCheckUITests.framework */; };
/* End PBXBuildFile section */

/* Begin PBXContainerItemProxy section */
		18CC35A8299E8C2F00668AF7 /* PBXContainerItemProxy */ = {
			isa = PBXContainerItemProxy;
			containerPortal = 18CC3589299E8C2C00668AF7 /* Project object */;
			proxyType = 1;
			remoteGlobalIDString = 18CC3590299E8C2C00668AF7;
			remoteInfo = VibeCheck;
		};
		18CC35B2299E8C2F00668AF7 /* PBXContainerItemProxy */ = {
			isa = PBXContainerItemProxy;
			containerPortal = 18CC3589299E8C2C00668AF7 /* Project object */;
			proxyType = 1;
			remoteGlobalIDString = 18CC3590299E8C2C00668AF7;
			remoteInfo = VibeCheck;
		};
/* End PBXContainerItemProxy section */

/* Begin PBXFileReference section */
		075F34D87DFCCE9FD4B0B172 /* Pods-VibeCheckTests.release.xcconfig */ = {isa = PBXFileReference; includeInIndex = 1; lastKnownFileType = text.xcconfig; name = "Pods-VibeCheckTests.release.xcconfig"; path = "Target Support Files/Pods-VibeCheckTests/Pods-VibeCheckTests.release.xcconfig"; sourceTree = "<group>"; };
		118FC12B31E400CD44011D62 /* Pods_VibeCheck.framework */ = {isa = PBXFileReference; explicitFileType = wrapper.framework; includeInIndex = 0; path = Pods_VibeCheck.framework; sourceTree = BUILT_PRODUCTS_DIR; };
		1836C4F929BFCAA9000BC583 /* InteractionCell.swift */ = {isa = PBXFileReference; lastKnownFileType = sourcecode.swift; path = InteractionCell.swift; sourceTree = "<group>"; };
		1838039129A13D9700F9043D /* CreateProfileViewController.swift */ = {isa = PBXFileReference; lastKnownFileType = sourcecode.swift; path = CreateProfileViewController.swift; sourceTree = "<group>"; };
		185656EC29AEB25200663897 /* CommentViewController.swift */ = {isa = PBXFileReference; lastKnownFileType = sourcecode.swift; path = CommentViewController.swift; sourceTree = "<group>"; };
		187687C329A70C9800ECC331 /* CommentCell.swift */ = {isa = PBXFileReference; lastKnownFileType = sourcecode.swift; path = CommentCell.swift; sourceTree = "<group>"; };
		1876BF5029D6415300D5258E /* Backend.swift */ = {isa = PBXFileReference; lastKnownFileType = sourcecode.swift; path = Backend.swift; sourceTree = "<group>"; };
		18787FB329D210C100F6D530 /* NotificationCell.swift */ = {isa = PBXFileReference; lastKnownFileType = sourcecode.swift; path = NotificationCell.swift; sourceTree = "<group>"; };
		1879D78D29AD83D7004D3130 /* ProfileViewController.swift */ = {isa = PBXFileReference; lastKnownFileType = sourcecode.swift; path = ProfileViewController.swift; sourceTree = "<group>"; };
		188BADB229A5DCC000351199 /* PostCell.swift */ = {isa = PBXFileReference; lastKnownFileType = sourcecode.swift; path = PostCell.swift; sourceTree = "<group>"; };
		189E19CB299F247F005AB155 /* FeedViewController.swift */ = {isa = PBXFileReference; lastKnownFileType = sourcecode.swift; path = FeedViewController.swift; sourceTree = "<group>"; };
		189E19CD299F248D005AB155 /* SignUpViewController.swift */ = {isa = PBXFileReference; lastKnownFileType = sourcecode.swift; path = SignUpViewController.swift; sourceTree = "<group>"; };
		189E19D3299F24C1005AB155 /* CameraViewController.swift */ = {isa = PBXFileReference; lastKnownFileType = sourcecode.swift; path = CameraViewController.swift; sourceTree = "<group>"; };
		18A4823229D3A2F600D08A25 /* NotificationViewController.swift */ = {isa = PBXFileReference; lastKnownFileType = sourcecode.swift; path = NotificationViewController.swift; sourceTree = "<group>"; };
		18CC3591299E8C2C00668AF7 /* VibeCheck.app */ = {isa = PBXFileReference; explicitFileType = wrapper.application; includeInIndex = 0; path = VibeCheck.app; sourceTree = BUILT_PRODUCTS_DIR; };
		18CC3594299E8C2C00668AF7 /* AppDelegate.swift */ = {isa = PBXFileReference; lastKnownFileType = sourcecode.swift; path = AppDelegate.swift; sourceTree = "<group>"; };
		18CC3596299E8C2C00668AF7 /* SceneDelegate.swift */ = {isa = PBXFileReference; lastKnownFileType = sourcecode.swift; path = SceneDelegate.swift; sourceTree = "<group>"; };
		18CC3598299E8C2C00668AF7 /* LoginViewController.swift */ = {isa = PBXFileReference; lastKnownFileType = sourcecode.swift; path = LoginViewController.swift; sourceTree = "<group>"; };
		18CC359B299E8C2C00668AF7 /* Base */ = {isa = PBXFileReference; lastKnownFileType = file.storyboard; name = Base; path = Base.lproj/Main.storyboard; sourceTree = "<group>"; };
		18CC35A0299E8C2F00668AF7 /* Base */ = {isa = PBXFileReference; lastKnownFileType = file.storyboard; name = Base; path = Base.lproj/LaunchScreen.storyboard; sourceTree = "<group>"; };
		18CC35A2299E8C2F00668AF7 /* Info.plist */ = {isa = PBXFileReference; lastKnownFileType = text.plist.xml; path = Info.plist; sourceTree = "<group>"; };
		18CC35A7299E8C2F00668AF7 /* VibeCheckTests.xctest */ = {isa = PBXFileReference; explicitFileType = wrapper.cfbundle; includeInIndex = 0; path = VibeCheckTests.xctest; sourceTree = BUILT_PRODUCTS_DIR; };
		18CC35AB299E8C2F00668AF7 /* VibeCheckTests.swift */ = {isa = PBXFileReference; lastKnownFileType = sourcecode.swift; path = VibeCheckTests.swift; sourceTree = "<group>"; };
		18CC35B1299E8C2F00668AF7 /* VibeCheckUITests.xctest */ = {isa = PBXFileReference; explicitFileType = wrapper.cfbundle; includeInIndex = 0; path = VibeCheckUITests.xctest; sourceTree = BUILT_PRODUCTS_DIR; };
		18CC35B5299E8C2F00668AF7 /* VibeCheckUITests.swift */ = {isa = PBXFileReference; lastKnownFileType = sourcecode.swift; path = VibeCheckUITests.swift; sourceTree = "<group>"; };
		18CC35B7299E8C2F00668AF7 /* VibeCheckUITestsLaunchTests.swift */ = {isa = PBXFileReference; lastKnownFileType = sourcecode.swift; path = VibeCheckUITestsLaunchTests.swift; sourceTree = "<group>"; };
		18DB71D5299EB28800DA3C4E /* Assets.xcassets */ = {isa = PBXFileReference; lastKnownFileType = folder.assetcatalog; path = Assets.xcassets; sourceTree = "<group>"; };
		18FC78C029D13DDA00ECBAC8 /* awsconfiguration.json */ = {isa = PBXFileReference; fileEncoding = 4; lastKnownFileType = text.json; path = awsconfiguration.json; sourceTree = "<group>"; };
		18FC78C129D13DDB00ECBAC8 /* amplifyconfiguration.json */ = {isa = PBXFileReference; fileEncoding = 4; lastKnownFileType = text.json; path = amplifyconfiguration.json; sourceTree = "<group>"; };
		52E2C9A24EC151424F489A2F /* Pods-VibeCheck.debug.xcconfig */ = {isa = PBXFileReference; includeInIndex = 1; lastKnownFileType = text.xcconfig; name = "Pods-VibeCheck.debug.xcconfig"; path = "Target Support Files/Pods-VibeCheck/Pods-VibeCheck.debug.xcconfig"; sourceTree = "<group>"; };
		805CBE4FB6FA5C4043CB1876 /* Pods_VibeCheck_VibeCheckUITests.framework */ = {isa = PBXFileReference; explicitFileType = wrapper.framework; includeInIndex = 0; path = Pods_VibeCheck_VibeCheckUITests.framework; sourceTree = BUILT_PRODUCTS_DIR; };
		AE1BFCE4CC590BC4BC54D69B /* Pods-VibeCheck-VibeCheckUITests.release.xcconfig */ = {isa = PBXFileReference; includeInIndex = 1; lastKnownFileType = text.xcconfig; name = "Pods-VibeCheck-VibeCheckUITests.release.xcconfig"; path = "Target Support Files/Pods-VibeCheck-VibeCheckUITests/Pods-VibeCheck-VibeCheckUITests.release.xcconfig"; sourceTree = "<group>"; };
		BBD5C729E2E3CA29E9B6A1BE /* Pods-VibeCheck-VibeCheckUITests.debug.xcconfig */ = {isa = PBXFileReference; includeInIndex = 1; lastKnownFileType = text.xcconfig; name = "Pods-VibeCheck-VibeCheckUITests.debug.xcconfig"; path = "Target Support Files/Pods-VibeCheck-VibeCheckUITests/Pods-VibeCheck-VibeCheckUITests.debug.xcconfig"; sourceTree = "<group>"; };
		C61EDFB47A21E11B01AFD6B8 /* Pods-VibeCheckTests.debug.xcconfig */ = {isa = PBXFileReference; includeInIndex = 1; lastKnownFileType = text.xcconfig; name = "Pods-VibeCheckTests.debug.xcconfig"; path = "Target Support Files/Pods-VibeCheckTests/Pods-VibeCheckTests.debug.xcconfig"; sourceTree = "<group>"; };
		C90FDCDD8F96DA348BE93F68 /* Pods_VibeCheckTests.framework */ = {isa = PBXFileReference; explicitFileType = wrapper.framework; includeInIndex = 0; path = Pods_VibeCheckTests.framework; sourceTree = BUILT_PRODUCTS_DIR; };
		ED3F564BC98C1F832B594241 /* Pods-VibeCheck.release.xcconfig */ = {isa = PBXFileReference; includeInIndex = 1; lastKnownFileType = text.xcconfig; name = "Pods-VibeCheck.release.xcconfig"; path = "Target Support Files/Pods-VibeCheck/Pods-VibeCheck.release.xcconfig"; sourceTree = "<group>"; };
/* End PBXFileReference section */

/* Begin PBXFrameworksBuildPhase section */
		18CC358E299E8C2C00668AF7 /* Frameworks */ = {
			isa = PBXFrameworksBuildPhase;
			buildActionMask = 2147483647;
			files = (
				1876BF5429D6430700D5258E /* AWSAPIPlugin in Frameworks */,
				1876BF6429D6430700D5258E /* Amplify in Frameworks */,
				1876BF5C29D6430700D5258E /* AWSPinpointAnalyticsPlugin in Frameworks */,
				1876BF5A29D6430700D5258E /* AWSLocationGeoPlugin in Frameworks */,
				5204565B3F7BE8783A58153E /* Pods_VibeCheck.framework in Frameworks */,
				1876BF6029D6430700D5258E /* AWSPluginsCore in Frameworks */,
				1876BF5629D6430700D5258E /* AWSCognitoAuthPlugin in Frameworks */,
				1876BF5E29D6430700D5258E /* AWSPinpointPushNotificationsPlugin in Frameworks */,
				1876BF5829D6430700D5258E /* AWSDataStorePlugin in Frameworks */,
				1876BF6229D6430700D5258E /* AWSS3StoragePlugin in Frameworks */,
			);
			runOnlyForDeploymentPostprocessing = 0;
		};
		18CC35A4299E8C2F00668AF7 /* Frameworks */ = {
			isa = PBXFrameworksBuildPhase;
			buildActionMask = 2147483647;
			files = (
				BE64A017BE160C61B0387916 /* Pods_VibeCheckTests.framework in Frameworks */,
			);
			runOnlyForDeploymentPostprocessing = 0;
		};
		18CC35AE299E8C2F00668AF7 /* Frameworks */ = {
			isa = PBXFrameworksBuildPhase;
			buildActionMask = 2147483647;
			files = (
				CE9354B1BC851D2C554D1628 /* Pods_VibeCheck_VibeCheckUITests.framework in Frameworks */,
			);
			runOnlyForDeploymentPostprocessing = 0;
		};
/* End PBXFrameworksBuildPhase section */

/* Begin PBXGroup section */
		184B8F5C29AC35DB002C2392 /* Authentication */ = {
			isa = PBXGroup;
			children = (
				18CC3598299E8C2C00668AF7 /* LoginViewController.swift */,
				189E19CD299F248D005AB155 /* SignUpViewController.swift */,
				1838039129A13D9700F9043D /* CreateProfileViewController.swift */,
			);
			path = Authentication;
			sourceTree = "<group>";
		};
		184B8F5D29AC3605002C2392 /* Cells */ = {
			isa = PBXGroup;
			children = (
				188BADB229A5DCC000351199 /* PostCell.swift */,
				187687C329A70C9800ECC331 /* CommentCell.swift */,
				1836C4F929BFCAA9000BC583 /* InteractionCell.swift */,
				18787FB329D210C100F6D530 /* NotificationCell.swift */,
			);
			path = Cells;
			sourceTree = "<group>";
		};
		184B8F5E29AC361E002C2392 /* MainFeatures */ = {
			isa = PBXGroup;
			children = (
				189E19CB299F247F005AB155 /* FeedViewController.swift */,
				189E19D3299F24C1005AB155 /* CameraViewController.swift */,
				1879D78D29AD83D7004D3130 /* ProfileViewController.swift */,
				185656EC29AEB25200663897 /* CommentViewController.swift */,
				18A4823229D3A2F600D08A25 /* NotificationViewController.swift */,
			);
			path = MainFeatures;
			sourceTree = "<group>";
		};
		184B8F5F29AC363F002C2392 /* Other */ = {
			isa = PBXGroup;
			children = (
				18CC3594299E8C2C00668AF7 /* AppDelegate.swift */,
				18CC3596299E8C2C00668AF7 /* SceneDelegate.swift */,
				1876BF5029D6415300D5258E /* Backend.swift */,
			);
			path = Other;
			sourceTree = "<group>";
		};
		184B8F6029AC369D002C2392 /* StoryBoards */ = {
			isa = PBXGroup;
			children = (
				18CC359A299E8C2C00668AF7 /* Main.storyboard */,
				18CC359F299E8C2F00668AF7 /* LaunchScreen.storyboard */,
			);
			path = StoryBoards;
			sourceTree = "<group>";
		};
		18CC3588299E8C2C00668AF7 = {
			isa = PBXGroup;
			children = (
				18FC78C129D13DDB00ECBAC8 /* amplifyconfiguration.json */,
				18FC78C029D13DDA00ECBAC8 /* awsconfiguration.json */,
				18CC3593299E8C2C00668AF7 /* VibeCheck */,
				18CC35AA299E8C2F00668AF7 /* VibeCheckTests */,
				18CC35B4299E8C2F00668AF7 /* VibeCheckUITests */,
				18CC3592299E8C2C00668AF7 /* Products */,
				F14B04A55FE80231FEB07C1C /* Pods */,
				BCC23F08518FE9A0D001E155 /* Frameworks */,
			);
			sourceTree = "<group>";
		};
		18CC3592299E8C2C00668AF7 /* Products */ = {
			isa = PBXGroup;
			children = (
				18CC3591299E8C2C00668AF7 /* VibeCheck.app */,
				18CC35A7299E8C2F00668AF7 /* VibeCheckTests.xctest */,
				18CC35B1299E8C2F00668AF7 /* VibeCheckUITests.xctest */,
			);
			name = Products;
			sourceTree = "<group>";
		};
		18CC3593299E8C2C00668AF7 /* VibeCheck */ = {
			isa = PBXGroup;
			children = (
				18DB71D5299EB28800DA3C4E /* Assets.xcassets */,
				184B8F5C29AC35DB002C2392 /* Authentication */,
				184B8F5D29AC3605002C2392 /* Cells */,
				184B8F5E29AC361E002C2392 /* MainFeatures */,
				184B8F5F29AC363F002C2392 /* Other */,
				184B8F6029AC369D002C2392 /* StoryBoards */,
				18CC35A2299E8C2F00668AF7 /* Info.plist */,
			);
			path = VibeCheck;
			sourceTree = "<group>";
		};
		18CC35AA299E8C2F00668AF7 /* VibeCheckTests */ = {
			isa = PBXGroup;
			children = (
				18CC35AB299E8C2F00668AF7 /* VibeCheckTests.swift */,
			);
			path = VibeCheckTests;
			sourceTree = "<group>";
		};
		18CC35B4299E8C2F00668AF7 /* VibeCheckUITests */ = {
			isa = PBXGroup;
			children = (
				18CC35B5299E8C2F00668AF7 /* VibeCheckUITests.swift */,
				18CC35B7299E8C2F00668AF7 /* VibeCheckUITestsLaunchTests.swift */,
			);
			path = VibeCheckUITests;
			sourceTree = "<group>";
		};
		BCC23F08518FE9A0D001E155 /* Frameworks */ = {
			isa = PBXGroup;
			children = (
				118FC12B31E400CD44011D62 /* Pods_VibeCheck.framework */,
				805CBE4FB6FA5C4043CB1876 /* Pods_VibeCheck_VibeCheckUITests.framework */,
				C90FDCDD8F96DA348BE93F68 /* Pods_VibeCheckTests.framework */,
			);
			name = Frameworks;
			sourceTree = "<group>";
		};
		F14B04A55FE80231FEB07C1C /* Pods */ = {
			isa = PBXGroup;
			children = (
				52E2C9A24EC151424F489A2F /* Pods-VibeCheck.debug.xcconfig */,
				ED3F564BC98C1F832B594241 /* Pods-VibeCheck.release.xcconfig */,
				BBD5C729E2E3CA29E9B6A1BE /* Pods-VibeCheck-VibeCheckUITests.debug.xcconfig */,
				AE1BFCE4CC590BC4BC54D69B /* Pods-VibeCheck-VibeCheckUITests.release.xcconfig */,
				C61EDFB47A21E11B01AFD6B8 /* Pods-VibeCheckTests.debug.xcconfig */,
				075F34D87DFCCE9FD4B0B172 /* Pods-VibeCheckTests.release.xcconfig */,
			);
			path = Pods;
			sourceTree = "<group>";
		};
/* End PBXGroup section */

/* Begin PBXNativeTarget section */
		18CC3590299E8C2C00668AF7 /* VibeCheck */ = {
			isa = PBXNativeTarget;
			buildConfigurationList = 18CC35BB299E8C2F00668AF7 /* Build configuration list for PBXNativeTarget "VibeCheck" */;
			buildPhases = (
				3035B380C6A40BF68B104682 /* [CP] Check Pods Manifest.lock */,
				18CC358D299E8C2C00668AF7 /* Sources */,
				18CC358E299E8C2C00668AF7 /* Frameworks */,
				18CC358F299E8C2C00668AF7 /* Resources */,
				DC19900348CACD250C482BC2 /* [CP] Embed Pods Frameworks */,
			);
			buildRules = (
			);
			dependencies = (
			);
			name = VibeCheck;
			packageProductDependencies = (
				1876BF5329D6430700D5258E /* AWSAPIPlugin */,
				1876BF5529D6430700D5258E /* AWSCognitoAuthPlugin */,
				1876BF5729D6430700D5258E /* AWSDataStorePlugin */,
				1876BF5929D6430700D5258E /* AWSLocationGeoPlugin */,
				1876BF5B29D6430700D5258E /* AWSPinpointAnalyticsPlugin */,
				1876BF5D29D6430700D5258E /* AWSPinpointPushNotificationsPlugin */,
				1876BF5F29D6430700D5258E /* AWSPluginsCore */,
				1876BF6129D6430700D5258E /* AWSS3StoragePlugin */,
				1876BF6329D6430700D5258E /* Amplify */,
			);
			productName = VibeCheck;
			productReference = 18CC3591299E8C2C00668AF7 /* VibeCheck.app */;
			productType = "com.apple.product-type.application";
		};
		18CC35A6299E8C2F00668AF7 /* VibeCheckTests */ = {
			isa = PBXNativeTarget;
			buildConfigurationList = 18CC35BE299E8C2F00668AF7 /* Build configuration list for PBXNativeTarget "VibeCheckTests" */;
			buildPhases = (
				5089CC56481E27CF1FC7C615 /* [CP] Check Pods Manifest.lock */,
				18CC35A3299E8C2F00668AF7 /* Sources */,
				18CC35A4299E8C2F00668AF7 /* Frameworks */,
				18CC35A5299E8C2F00668AF7 /* Resources */,
			);
			buildRules = (
			);
			dependencies = (
				18CC35A9299E8C2F00668AF7 /* PBXTargetDependency */,
			);
			name = VibeCheckTests;
			productName = VibeCheckTests;
			productReference = 18CC35A7299E8C2F00668AF7 /* VibeCheckTests.xctest */;
			productType = "com.apple.product-type.bundle.unit-test";
		};
		18CC35B0299E8C2F00668AF7 /* VibeCheckUITests */ = {
			isa = PBXNativeTarget;
			buildConfigurationList = 18CC35C1299E8C2F00668AF7 /* Build configuration list for PBXNativeTarget "VibeCheckUITests" */;
			buildPhases = (
				26FC3098A04BC6306A5105F0 /* [CP] Check Pods Manifest.lock */,
				18CC35AD299E8C2F00668AF7 /* Sources */,
				18CC35AE299E8C2F00668AF7 /* Frameworks */,
				18CC35AF299E8C2F00668AF7 /* Resources */,
				3F0760B2E5C4B1BAB1EFBED0 /* [CP] Embed Pods Frameworks */,
			);
			buildRules = (
			);
			dependencies = (
				18CC35B3299E8C2F00668AF7 /* PBXTargetDependency */,
			);
			name = VibeCheckUITests;
			productName = VibeCheckUITests;
			productReference = 18CC35B1299E8C2F00668AF7 /* VibeCheckUITests.xctest */;
			productType = "com.apple.product-type.bundle.ui-testing";
		};
/* End PBXNativeTarget section */

/* Begin PBXProject section */
		18CC3589299E8C2C00668AF7 /* Project object */ = {
			isa = PBXProject;
			attributes = {
				BuildIndependentTargetsInParallel = 1;
				LastSwiftUpdateCheck = 1410;
				LastUpgradeCheck = 1410;
				TargetAttributes = {
					18CC3590299E8C2C00668AF7 = {
						CreatedOnToolsVersion = 14.1;
					};
					18CC35A6299E8C2F00668AF7 = {
						CreatedOnToolsVersion = 14.1;
						TestTargetID = 18CC3590299E8C2C00668AF7;
					};
					18CC35B0299E8C2F00668AF7 = {
						CreatedOnToolsVersion = 14.1;
						TestTargetID = 18CC3590299E8C2C00668AF7;
					};
				};
			};
			buildConfigurationList = 18CC358C299E8C2C00668AF7 /* Build configuration list for PBXProject "VibeCheck" */;
			compatibilityVersion = "Xcode 14.0";
			developmentRegion = en;
			hasScannedForEncodings = 0;
			knownRegions = (
				en,
				Base,
			);
			mainGroup = 18CC3588299E8C2C00668AF7;
			packageReferences = (
				1876BF5229D6430700D5258E /* XCRemoteSwiftPackageReference "amplify-ios" */,
			);
			productRefGroup = 18CC3592299E8C2C00668AF7 /* Products */;
			projectDirPath = "";
			projectRoot = "";
			targets = (
				18CC3590299E8C2C00668AF7 /* VibeCheck */,
				18CC35A6299E8C2F00668AF7 /* VibeCheckTests */,
				18CC35B0299E8C2F00668AF7 /* VibeCheckUITests */,
			);
		};
/* End PBXProject section */

/* Begin PBXResourcesBuildPhase section */
		18CC358F299E8C2C00668AF7 /* Resources */ = {
			isa = PBXResourcesBuildPhase;
			buildActionMask = 2147483647;
			files = (
				18FC78C229D13DDB00ECBAC8 /* awsconfiguration.json in Resources */,
				18CC35A1299E8C2F00668AF7 /* LaunchScreen.storyboard in Resources */,
				18FC78C329D13DDB00ECBAC8 /* amplifyconfiguration.json in Resources */,
				18DB71D6299EB28800DA3C4E /* Assets.xcassets in Resources */,
				18CC359C299E8C2C00668AF7 /* Main.storyboard in Resources */,
			);
			runOnlyForDeploymentPostprocessing = 0;
		};
		18CC35A5299E8C2F00668AF7 /* Resources */ = {
			isa = PBXResourcesBuildPhase;
			buildActionMask = 2147483647;
			files = (
			);
			runOnlyForDeploymentPostprocessing = 0;
		};
		18CC35AF299E8C2F00668AF7 /* Resources */ = {
			isa = PBXResourcesBuildPhase;
			buildActionMask = 2147483647;
			files = (
			);
			runOnlyForDeploymentPostprocessing = 0;
		};
/* End PBXResourcesBuildPhase section */

/* Begin PBXShellScriptBuildPhase section */
		26FC3098A04BC6306A5105F0 /* [CP] Check Pods Manifest.lock */ = {
			isa = PBXShellScriptBuildPhase;
			buildActionMask = 2147483647;
			files = (
			);
			inputFileListPaths = (
			);
			inputPaths = (
				"${PODS_PODFILE_DIR_PATH}/Podfile.lock",
				"${PODS_ROOT}/Manifest.lock",
			);
			name = "[CP] Check Pods Manifest.lock";
			outputFileListPaths = (
			);
			outputPaths = (
				"$(DERIVED_FILE_DIR)/Pods-VibeCheck-VibeCheckUITests-checkManifestLockResult.txt",
			);
			runOnlyForDeploymentPostprocessing = 0;
			shellPath = /bin/sh;
			shellScript = "diff \"${PODS_PODFILE_DIR_PATH}/Podfile.lock\" \"${PODS_ROOT}/Manifest.lock\" > /dev/null\nif [ $? != 0 ] ; then\n    # print error to STDERR\n    echo \"error: The sandbox is not in sync with the Podfile.lock. Run 'pod install' or update your CocoaPods installation.\" >&2\n    exit 1\nfi\n# This output is used by Xcode 'outputs' to avoid re-running this script phase.\necho \"SUCCESS\" > \"${SCRIPT_OUTPUT_FILE_0}\"\n";
			showEnvVarsInLog = 0;
		};
		3035B380C6A40BF68B104682 /* [CP] Check Pods Manifest.lock */ = {
			isa = PBXShellScriptBuildPhase;
			buildActionMask = 2147483647;
			files = (
			);
			inputFileListPaths = (
			);
			inputPaths = (
				"${PODS_PODFILE_DIR_PATH}/Podfile.lock",
				"${PODS_ROOT}/Manifest.lock",
			);
			name = "[CP] Check Pods Manifest.lock";
			outputFileListPaths = (
			);
			outputPaths = (
				"$(DERIVED_FILE_DIR)/Pods-VibeCheck-checkManifestLockResult.txt",
			);
			runOnlyForDeploymentPostprocessing = 0;
			shellPath = /bin/sh;
			shellScript = "diff \"${PODS_PODFILE_DIR_PATH}/Podfile.lock\" \"${PODS_ROOT}/Manifest.lock\" > /dev/null\nif [ $? != 0 ] ; then\n    # print error to STDERR\n    echo \"error: The sandbox is not in sync with the Podfile.lock. Run 'pod install' or update your CocoaPods installation.\" >&2\n    exit 1\nfi\n# This output is used by Xcode 'outputs' to avoid re-running this script phase.\necho \"SUCCESS\" > \"${SCRIPT_OUTPUT_FILE_0}\"\n";
			showEnvVarsInLog = 0;
		};
		3F0760B2E5C4B1BAB1EFBED0 /* [CP] Embed Pods Frameworks */ = {
			isa = PBXShellScriptBuildPhase;
			buildActionMask = 2147483647;
			files = (
			);
			inputFileListPaths = (
				"${PODS_ROOT}/Target Support Files/Pods-VibeCheck-VibeCheckUITests/Pods-VibeCheck-VibeCheckUITests-frameworks-${CONFIGURATION}-input-files.xcfilelist",
			);
			name = "[CP] Embed Pods Frameworks";
			outputFileListPaths = (
				"${PODS_ROOT}/Target Support Files/Pods-VibeCheck-VibeCheckUITests/Pods-VibeCheck-VibeCheckUITests-frameworks-${CONFIGURATION}-output-files.xcfilelist",
			);
			runOnlyForDeploymentPostprocessing = 0;
			shellPath = /bin/sh;
			shellScript = "\"${PODS_ROOT}/Target Support Files/Pods-VibeCheck-VibeCheckUITests/Pods-VibeCheck-VibeCheckUITests-frameworks.sh\"\n";
			showEnvVarsInLog = 0;
		};
		5089CC56481E27CF1FC7C615 /* [CP] Check Pods Manifest.lock */ = {
			isa = PBXShellScriptBuildPhase;
			buildActionMask = 2147483647;
			files = (
			);
			inputFileListPaths = (
			);
			inputPaths = (
				"${PODS_PODFILE_DIR_PATH}/Podfile.lock",
				"${PODS_ROOT}/Manifest.lock",
			);
			name = "[CP] Check Pods Manifest.lock";
			outputFileListPaths = (
			);
			outputPaths = (
				"$(DERIVED_FILE_DIR)/Pods-VibeCheckTests-checkManifestLockResult.txt",
			);
			runOnlyForDeploymentPostprocessing = 0;
			shellPath = /bin/sh;
			shellScript = "diff \"${PODS_PODFILE_DIR_PATH}/Podfile.lock\" \"${PODS_ROOT}/Manifest.lock\" > /dev/null\nif [ $? != 0 ] ; then\n    # print error to STDERR\n    echo \"error: The sandbox is not in sync with the Podfile.lock. Run 'pod install' or update your CocoaPods installation.\" >&2\n    exit 1\nfi\n# This output is used by Xcode 'outputs' to avoid re-running this script phase.\necho \"SUCCESS\" > \"${SCRIPT_OUTPUT_FILE_0}\"\n";
			showEnvVarsInLog = 0;
		};
		DC19900348CACD250C482BC2 /* [CP] Embed Pods Frameworks */ = {
			isa = PBXShellScriptBuildPhase;
			buildActionMask = 2147483647;
			files = (
			);
			inputFileListPaths = (
				"${PODS_ROOT}/Target Support Files/Pods-VibeCheck/Pods-VibeCheck-frameworks-${CONFIGURATION}-input-files.xcfilelist",
			);
			name = "[CP] Embed Pods Frameworks";
			outputFileListPaths = (
				"${PODS_ROOT}/Target Support Files/Pods-VibeCheck/Pods-VibeCheck-frameworks-${CONFIGURATION}-output-files.xcfilelist",
			);
			runOnlyForDeploymentPostprocessing = 0;
			shellPath = /bin/sh;
			shellScript = "\"${PODS_ROOT}/Target Support Files/Pods-VibeCheck/Pods-VibeCheck-frameworks.sh\"\n";
			showEnvVarsInLog = 0;
		};
/* End PBXShellScriptBuildPhase section */

/* Begin PBXSourcesBuildPhase section */
		18CC358D299E8C2C00668AF7 /* Sources */ = {
			isa = PBXSourcesBuildPhase;
			buildActionMask = 2147483647;
			files = (
				1838039229A13D9700F9043D /* CreateProfileViewController.swift in Sources */,
				18CC3599299E8C2C00668AF7 /* LoginViewController.swift in Sources */,
				1879D78E29AD83D7004D3130 /* ProfileViewController.swift in Sources */,
				18CC3595299E8C2C00668AF7 /* AppDelegate.swift in Sources */,
				189E19CC299F247F005AB155 /* FeedViewController.swift in Sources */,
				18787FB429D210C100F6D530 /* NotificationCell.swift in Sources */,
				18CC3597299E8C2C00668AF7 /* SceneDelegate.swift in Sources */,
				187687C429A70C9800ECC331 /* CommentCell.swift in Sources */,
				188BADB329A5DCC000351199 /* PostCell.swift in Sources */,
				189E19D4299F24C1005AB155 /* CameraViewController.swift in Sources */,
				18A4823329D3A2F600D08A25 /* NotificationViewController.swift in Sources */,
				189E19CE299F248D005AB155 /* SignUpViewController.swift in Sources */,
				185656ED29AEB25200663897 /* CommentViewController.swift in Sources */,
				1836C4FA29BFCAA9000BC583 /* InteractionCell.swift in Sources */,
				1876BF5129D6415300D5258E /* Backend.swift in Sources */,
			);
			runOnlyForDeploymentPostprocessing = 0;
		};
		18CC35A3299E8C2F00668AF7 /* Sources */ = {
			isa = PBXSourcesBuildPhase;
			buildActionMask = 2147483647;
			files = (
				18CC35AC299E8C2F00668AF7 /* VibeCheckTests.swift in Sources */,
			);
			runOnlyForDeploymentPostprocessing = 0;
		};
		18CC35AD299E8C2F00668AF7 /* Sources */ = {
			isa = PBXSourcesBuildPhase;
			buildActionMask = 2147483647;
			files = (
				18CC35B6299E8C2F00668AF7 /* VibeCheckUITests.swift in Sources */,
				18CC35B8299E8C2F00668AF7 /* VibeCheckUITestsLaunchTests.swift in Sources */,
			);
			runOnlyForDeploymentPostprocessing = 0;
		};
/* End PBXSourcesBuildPhase section */

/* Begin PBXTargetDependency section */
		18CC35A9299E8C2F00668AF7 /* PBXTargetDependency */ = {
			isa = PBXTargetDependency;
			target = 18CC3590299E8C2C00668AF7 /* VibeCheck */;
			targetProxy = 18CC35A8299E8C2F00668AF7 /* PBXContainerItemProxy */;
		};
		18CC35B3299E8C2F00668AF7 /* PBXTargetDependency */ = {
			isa = PBXTargetDependency;
			target = 18CC3590299E8C2C00668AF7 /* VibeCheck */;
			targetProxy = 18CC35B2299E8C2F00668AF7 /* PBXContainerItemProxy */;
		};
/* End PBXTargetDependency section */

/* Begin PBXVariantGroup section */
		18CC359A299E8C2C00668AF7 /* Main.storyboard */ = {
			isa = PBXVariantGroup;
			children = (
				18CC359B299E8C2C00668AF7 /* Base */,
			);
			name = Main.storyboard;
			sourceTree = "<group>";
		};
		18CC359F299E8C2F00668AF7 /* LaunchScreen.storyboard */ = {
			isa = PBXVariantGroup;
			children = (
				18CC35A0299E8C2F00668AF7 /* Base */,
			);
			name = LaunchScreen.storyboard;
			sourceTree = "<group>";
		};
/* End PBXVariantGroup section */

/* Begin XCBuildConfiguration section */
		18CC35B9299E8C2F00668AF7 /* Debug */ = {
			isa = XCBuildConfiguration;
			buildSettings = {
				ALWAYS_SEARCH_USER_PATHS = NO;
				CLANG_ANALYZER_NONNULL = YES;
				CLANG_ANALYZER_NUMBER_OBJECT_CONVERSION = YES_AGGRESSIVE;
				CLANG_CXX_LANGUAGE_STANDARD = "gnu++20";
				CLANG_ENABLE_MODULES = YES;
				CLANG_ENABLE_OBJC_ARC = YES;
				CLANG_ENABLE_OBJC_WEAK = YES;
				CLANG_WARN_BLOCK_CAPTURE_AUTORELEASING = YES;
				CLANG_WARN_BOOL_CONVERSION = YES;
				CLANG_WARN_COMMA = YES;
				CLANG_WARN_CONSTANT_CONVERSION = YES;
				CLANG_WARN_DEPRECATED_OBJC_IMPLEMENTATIONS = YES;
				CLANG_WARN_DIRECT_OBJC_ISA_USAGE = YES_ERROR;
				CLANG_WARN_DOCUMENTATION_COMMENTS = YES;
				CLANG_WARN_EMPTY_BODY = YES;
				CLANG_WARN_ENUM_CONVERSION = YES;
				CLANG_WARN_INFINITE_RECURSION = YES;
				CLANG_WARN_INT_CONVERSION = YES;
				CLANG_WARN_NON_LITERAL_NULL_CONVERSION = YES;
				CLANG_WARN_OBJC_IMPLICIT_RETAIN_SELF = YES;
				CLANG_WARN_OBJC_LITERAL_CONVERSION = YES;
				CLANG_WARN_OBJC_ROOT_CLASS = YES_ERROR;
				CLANG_WARN_QUOTED_INCLUDE_IN_FRAMEWORK_HEADER = YES;
				CLANG_WARN_RANGE_LOOP_ANALYSIS = YES;
				CLANG_WARN_STRICT_PROTOTYPES = YES;
				CLANG_WARN_SUSPICIOUS_MOVE = YES;
				CLANG_WARN_UNGUARDED_AVAILABILITY = YES_AGGRESSIVE;
				CLANG_WARN_UNREACHABLE_CODE = YES;
				CLANG_WARN__DUPLICATE_METHOD_MATCH = YES;
				COPY_PHASE_STRIP = NO;
				DEBUG_INFORMATION_FORMAT = dwarf;
				ENABLE_STRICT_OBJC_MSGSEND = YES;
				ENABLE_TESTABILITY = YES;
				GCC_C_LANGUAGE_STANDARD = gnu11;
				GCC_DYNAMIC_NO_PIC = NO;
				GCC_NO_COMMON_BLOCKS = YES;
				GCC_OPTIMIZATION_LEVEL = 0;
				GCC_PREPROCESSOR_DEFINITIONS = (
					"DEBUG=1",
					"$(inherited)",
				);
				GCC_WARN_64_TO_32_BIT_CONVERSION = YES;
				GCC_WARN_ABOUT_RETURN_TYPE = YES_ERROR;
				GCC_WARN_UNDECLARED_SELECTOR = YES;
				GCC_WARN_UNINITIALIZED_AUTOS = YES_AGGRESSIVE;
				GCC_WARN_UNUSED_FUNCTION = YES;
				GCC_WARN_UNUSED_VARIABLE = YES;
				IPHONEOS_DEPLOYMENT_TARGET = 16.2;
				MTL_ENABLE_DEBUG_INFO = INCLUDE_SOURCE;
				MTL_FAST_MATH = YES;
				ONLY_ACTIVE_ARCH = YES;
				SDKROOT = iphoneos;
				SWIFT_ACTIVE_COMPILATION_CONDITIONS = DEBUG;
				SWIFT_OPTIMIZATION_LEVEL = "-Onone";
			};
			name = Debug;
		};
		18CC35BA299E8C2F00668AF7 /* Release */ = {
			isa = XCBuildConfiguration;
			buildSettings = {
				ALWAYS_SEARCH_USER_PATHS = NO;
				CLANG_ANALYZER_NONNULL = YES;
				CLANG_ANALYZER_NUMBER_OBJECT_CONVERSION = YES_AGGRESSIVE;
				CLANG_CXX_LANGUAGE_STANDARD = "gnu++20";
				CLANG_ENABLE_MODULES = YES;
				CLANG_ENABLE_OBJC_ARC = YES;
				CLANG_ENABLE_OBJC_WEAK = YES;
				CLANG_WARN_BLOCK_CAPTURE_AUTORELEASING = YES;
				CLANG_WARN_BOOL_CONVERSION = YES;
				CLANG_WARN_COMMA = YES;
				CLANG_WARN_CONSTANT_CONVERSION = YES;
				CLANG_WARN_DEPRECATED_OBJC_IMPLEMENTATIONS = YES;
				CLANG_WARN_DIRECT_OBJC_ISA_USAGE = YES_ERROR;
				CLANG_WARN_DOCUMENTATION_COMMENTS = YES;
				CLANG_WARN_EMPTY_BODY = YES;
				CLANG_WARN_ENUM_CONVERSION = YES;
				CLANG_WARN_INFINITE_RECURSION = YES;
				CLANG_WARN_INT_CONVERSION = YES;
				CLANG_WARN_NON_LITERAL_NULL_CONVERSION = YES;
				CLANG_WARN_OBJC_IMPLICIT_RETAIN_SELF = YES;
				CLANG_WARN_OBJC_LITERAL_CONVERSION = YES;
				CLANG_WARN_OBJC_ROOT_CLASS = YES_ERROR;
				CLANG_WARN_QUOTED_INCLUDE_IN_FRAMEWORK_HEADER = YES;
				CLANG_WARN_RANGE_LOOP_ANALYSIS = YES;
				CLANG_WARN_STRICT_PROTOTYPES = YES;
				CLANG_WARN_SUSPICIOUS_MOVE = YES;
				CLANG_WARN_UNGUARDED_AVAILABILITY = YES_AGGRESSIVE;
				CLANG_WARN_UNREACHABLE_CODE = YES;
				CLANG_WARN__DUPLICATE_METHOD_MATCH = YES;
				COPY_PHASE_STRIP = NO;
				DEBUG_INFORMATION_FORMAT = "dwarf-with-dsym";
				ENABLE_NS_ASSERTIONS = NO;
				ENABLE_STRICT_OBJC_MSGSEND = YES;
				GCC_C_LANGUAGE_STANDARD = gnu11;
				GCC_NO_COMMON_BLOCKS = YES;
				GCC_WARN_64_TO_32_BIT_CONVERSION = YES;
				GCC_WARN_ABOUT_RETURN_TYPE = YES_ERROR;
				GCC_WARN_UNDECLARED_SELECTOR = YES;
				GCC_WARN_UNINITIALIZED_AUTOS = YES_AGGRESSIVE;
				GCC_WARN_UNUSED_FUNCTION = YES;
				GCC_WARN_UNUSED_VARIABLE = YES;
				IPHONEOS_DEPLOYMENT_TARGET = 16.2;
				MTL_ENABLE_DEBUG_INFO = NO;
				MTL_FAST_MATH = YES;
				SDKROOT = iphoneos;
				SWIFT_COMPILATION_MODE = wholemodule;
				SWIFT_OPTIMIZATION_LEVEL = "-O";
				VALIDATE_PRODUCT = YES;
			};
			name = Release;
		};
		18CC35BC299E8C2F00668AF7 /* Debug */ = {
			isa = XCBuildConfiguration;
			baseConfigurationReference = 52E2C9A24EC151424F489A2F /* Pods-VibeCheck.debug.xcconfig */;
			buildSettings = {
				ASSETCATALOG_COMPILER_APPICON_NAME = AppIcon;
				ASSETCATALOG_COMPILER_GLOBAL_ACCENT_COLOR_NAME = AccentColor;
				CODE_SIGN_STYLE = Automatic;
				CURRENT_PROJECT_VERSION = 1;
				DEVELOPMENT_TEAM = CX2WD59759;
				GENERATE_INFOPLIST_FILE = YES;
				INFOPLIST_FILE = VibeCheck/Info.plist;
				INFOPLIST_KEY_UIApplicationSupportsIndirectInputEvents = YES;
				INFOPLIST_KEY_UILaunchStoryboardName = LaunchScreen;
				INFOPLIST_KEY_UIMainStoryboardFile = Main;
				INFOPLIST_KEY_UISupportedInterfaceOrientations = UIInterfaceOrientationPortrait;
				INFOPLIST_KEY_UISupportedInterfaceOrientations_iPad = "UIInterfaceOrientationLandscapeLeft UIInterfaceOrientationLandscapeRight UIInterfaceOrientationPortrait UIInterfaceOrientationPortraitUpsideDown";
				IPHONEOS_DEPLOYMENT_TARGET = 14.0;
				LD_RUNPATH_SEARCH_PATHS = (
					"$(inherited)",
					"@executable_path/Frameworks",
				);
				MARKETING_VERSION = 1.0;
				PRODUCT_BUNDLE_IDENTIFIER = ICO.VibeCheck;
				PRODUCT_NAME = "$(TARGET_NAME)";
				SWIFT_EMIT_LOC_STRINGS = YES;
				SWIFT_VERSION = 5.0;
				TARGETED_DEVICE_FAMILY = "1,2";
			};
			name = Debug;
		};
		18CC35BD299E8C2F00668AF7 /* Release */ = {
			isa = XCBuildConfiguration;
			baseConfigurationReference = ED3F564BC98C1F832B594241 /* Pods-VibeCheck.release.xcconfig */;
			buildSettings = {
				ASSETCATALOG_COMPILER_APPICON_NAME = AppIcon;
				ASSETCATALOG_COMPILER_GLOBAL_ACCENT_COLOR_NAME = AccentColor;
				CODE_SIGN_STYLE = Automatic;
				CURRENT_PROJECT_VERSION = 1;
				DEVELOPMENT_TEAM = CX2WD59759;
				GENERATE_INFOPLIST_FILE = YES;
				INFOPLIST_FILE = VibeCheck/Info.plist;
				INFOPLIST_KEY_UIApplicationSupportsIndirectInputEvents = YES;
				INFOPLIST_KEY_UILaunchStoryboardName = LaunchScreen;
				INFOPLIST_KEY_UIMainStoryboardFile = Main;
				INFOPLIST_KEY_UISupportedInterfaceOrientations = UIInterfaceOrientationPortrait;
				INFOPLIST_KEY_UISupportedInterfaceOrientations_iPad = "UIInterfaceOrientationLandscapeLeft UIInterfaceOrientationLandscapeRight UIInterfaceOrientationPortrait UIInterfaceOrientationPortraitUpsideDown";
				IPHONEOS_DEPLOYMENT_TARGET = 14.0;
				LD_RUNPATH_SEARCH_PATHS = (
					"$(inherited)",
					"@executable_path/Frameworks",
				);
				MARKETING_VERSION = 1.0;
				PRODUCT_BUNDLE_IDENTIFIER = ICO.VibeCheck;
				PRODUCT_NAME = "$(TARGET_NAME)";
				SWIFT_EMIT_LOC_STRINGS = YES;
				SWIFT_VERSION = 5.0;
				TARGETED_DEVICE_FAMILY = "1,2";
			};
			name = Release;
		};
		18CC35BF299E8C2F00668AF7 /* Debug */ = {
			isa = XCBuildConfiguration;
			baseConfigurationReference = C61EDFB47A21E11B01AFD6B8 /* Pods-VibeCheckTests.debug.xcconfig */;
			buildSettings = {
				ALWAYS_EMBED_SWIFT_STANDARD_LIBRARIES = YES;
				BUNDLE_LOADER = "$(TEST_HOST)";
				CODE_SIGN_STYLE = Automatic;
				CURRENT_PROJECT_VERSION = 1;
				DEVELOPMENT_TEAM = CX2WD59759;
				GENERATE_INFOPLIST_FILE = YES;
				IPHONEOS_DEPLOYMENT_TARGET = 14.0;
				MARKETING_VERSION = 1.0;
				PRODUCT_BUNDLE_IDENTIFIER = ICO.VibeCheckTests;
				PRODUCT_NAME = "$(TARGET_NAME)";
				SWIFT_EMIT_LOC_STRINGS = NO;
				SWIFT_VERSION = 5.0;
				TARGETED_DEVICE_FAMILY = "1,2";
				TEST_HOST = "$(BUILT_PRODUCTS_DIR)/VibeCheck.app/$(BUNDLE_EXECUTABLE_FOLDER_PATH)/VibeCheck";
			};
			name = Debug;
		};
		18CC35C0299E8C2F00668AF7 /* Release */ = {
			isa = XCBuildConfiguration;
			baseConfigurationReference = 075F34D87DFCCE9FD4B0B172 /* Pods-VibeCheckTests.release.xcconfig */;
			buildSettings = {
				ALWAYS_EMBED_SWIFT_STANDARD_LIBRARIES = YES;
				BUNDLE_LOADER = "$(TEST_HOST)";
				CODE_SIGN_STYLE = Automatic;
				CURRENT_PROJECT_VERSION = 1;
				DEVELOPMENT_TEAM = CX2WD59759;
				GENERATE_INFOPLIST_FILE = YES;
				IPHONEOS_DEPLOYMENT_TARGET = 14.0;
				MARKETING_VERSION = 1.0;
				PRODUCT_BUNDLE_IDENTIFIER = ICO.VibeCheckTests;
				PRODUCT_NAME = "$(TARGET_NAME)";
				SWIFT_EMIT_LOC_STRINGS = NO;
				SWIFT_VERSION = 5.0;
				TARGETED_DEVICE_FAMILY = "1,2";
				TEST_HOST = "$(BUILT_PRODUCTS_DIR)/VibeCheck.app/$(BUNDLE_EXECUTABLE_FOLDER_PATH)/VibeCheck";
			};
			name = Release;
		};
		18CC35C2299E8C2F00668AF7 /* Debug */ = {
			isa = XCBuildConfiguration;
			baseConfigurationReference = BBD5C729E2E3CA29E9B6A1BE /* Pods-VibeCheck-VibeCheckUITests.debug.xcconfig */;
			buildSettings = {
				ALWAYS_EMBED_SWIFT_STANDARD_LIBRARIES = YES;
				CODE_SIGN_STYLE = Automatic;
				CURRENT_PROJECT_VERSION = 1;
				DEVELOPMENT_TEAM = CX2WD59759;
				GENERATE_INFOPLIST_FILE = YES;
				MARKETING_VERSION = 1.0;
				PRODUCT_BUNDLE_IDENTIFIER = ICO.VibeCheckUITests;
				PRODUCT_NAME = "$(TARGET_NAME)";
				SWIFT_EMIT_LOC_STRINGS = NO;
				SWIFT_VERSION = 5.0;
				TARGETED_DEVICE_FAMILY = "1,2";
				TEST_TARGET_NAME = VibeCheck;
			};
			name = Debug;
		};
		18CC35C3299E8C2F00668AF7 /* Release */ = {
			isa = XCBuildConfiguration;
			baseConfigurationReference = AE1BFCE4CC590BC4BC54D69B /* Pods-VibeCheck-VibeCheckUITests.release.xcconfig */;
			buildSettings = {
				ALWAYS_EMBED_SWIFT_STANDARD_LIBRARIES = YES;
				CODE_SIGN_STYLE = Automatic;
				CURRENT_PROJECT_VERSION = 1;
				DEVELOPMENT_TEAM = CX2WD59759;
				GENERATE_INFOPLIST_FILE = YES;
				MARKETING_VERSION = 1.0;
				PRODUCT_BUNDLE_IDENTIFIER = ICO.VibeCheckUITests;
				PRODUCT_NAME = "$(TARGET_NAME)";
				SWIFT_EMIT_LOC_STRINGS = NO;
				SWIFT_VERSION = 5.0;
				TARGETED_DEVICE_FAMILY = "1,2";
				TEST_TARGET_NAME = VibeCheck;
			};
			name = Release;
		};
/* End XCBuildConfiguration section */

/* Begin XCConfigurationList section */
		18CC358C299E8C2C00668AF7 /* Build configuration list for PBXProject "VibeCheck" */ = {
			isa = XCConfigurationList;
			buildConfigurations = (
				18CC35B9299E8C2F00668AF7 /* Debug */,
				18CC35BA299E8C2F00668AF7 /* Release */,
			);
			defaultConfigurationIsVisible = 0;
			defaultConfigurationName = Release;
		};
		18CC35BB299E8C2F00668AF7 /* Build configuration list for PBXNativeTarget "VibeCheck" */ = {
			isa = XCConfigurationList;
			buildConfigurations = (
				18CC35BC299E8C2F00668AF7 /* Debug */,
				18CC35BD299E8C2F00668AF7 /* Release */,
			);
			defaultConfigurationIsVisible = 0;
			defaultConfigurationName = Release;
		};
		18CC35BE299E8C2F00668AF7 /* Build configuration list for PBXNativeTarget "VibeCheckTests" */ = {
			isa = XCConfigurationList;
			buildConfigurations = (
				18CC35BF299E8C2F00668AF7 /* Debug */,
				18CC35C0299E8C2F00668AF7 /* Release */,
			);
			defaultConfigurationIsVisible = 0;
			defaultConfigurationName = Release;
		};
		18CC35C1299E8C2F00668AF7 /* Build configuration list for PBXNativeTarget "VibeCheckUITests" */ = {
			isa = XCConfigurationList;
			buildConfigurations = (
				18CC35C2299E8C2F00668AF7 /* Debug */,
				18CC35C3299E8C2F00668AF7 /* Release */,
			);
			defaultConfigurationIsVisible = 0;
			defaultConfigurationName = Release;
		};
/* End XCConfigurationList section */

/* Begin XCRemoteSwiftPackageReference section */
		1876BF5229D6430700D5258E /* XCRemoteSwiftPackageReference "amplify-ios" */ = {
			isa = XCRemoteSwiftPackageReference;
			repositoryURL = "https://github.com/aws-amplify/amplify-ios";
			requirement = {
				branch = main;
				kind = branch;
			};
		};
/* End XCRemoteSwiftPackageReference section */

/* Begin XCSwiftPackageProductDependency section */
		1876BF5329D6430700D5258E /* AWSAPIPlugin */ = {
			isa = XCSwiftPackageProductDependency;
			package = 1876BF5229D6430700D5258E /* XCRemoteSwiftPackageReference "amplify-ios" */;
			productName = AWSAPIPlugin;
		};
		1876BF5529D6430700D5258E /* AWSCognitoAuthPlugin */ = {
			isa = XCSwiftPackageProductDependency;
			package = 1876BF5229D6430700D5258E /* XCRemoteSwiftPackageReference "amplify-ios" */;
			productName = AWSCognitoAuthPlugin;
		};
		1876BF5729D6430700D5258E /* AWSDataStorePlugin */ = {
			isa = XCSwiftPackageProductDependency;
			package = 1876BF5229D6430700D5258E /* XCRemoteSwiftPackageReference "amplify-ios" */;
			productName = AWSDataStorePlugin;
		};
		1876BF5929D6430700D5258E /* AWSLocationGeoPlugin */ = {
			isa = XCSwiftPackageProductDependency;
			package = 1876BF5229D6430700D5258E /* XCRemoteSwiftPackageReference "amplify-ios" */;
			productName = AWSLocationGeoPlugin;
		};
		1876BF5B29D6430700D5258E /* AWSPinpointAnalyticsPlugin */ = {
			isa = XCSwiftPackageProductDependency;
			package = 1876BF5229D6430700D5258E /* XCRemoteSwiftPackageReference "amplify-ios" */;
			productName = AWSPinpointAnalyticsPlugin;
		};
		1876BF5D29D6430700D5258E /* AWSPinpointPushNotificationsPlugin */ = {
			isa = XCSwiftPackageProductDependency;
			package = 1876BF5229D6430700D5258E /* XCRemoteSwiftPackageReference "amplify-ios" */;
			productName = AWSPinpointPushNotificationsPlugin;
		};
		1876BF5F29D6430700D5258E /* AWSPluginsCore */ = {
			isa = XCSwiftPackageProductDependency;
			package = 1876BF5229D6430700D5258E /* XCRemoteSwiftPackageReference "amplify-ios" */;
			productName = AWSPluginsCore;
		};
		1876BF6129D6430700D5258E /* AWSS3StoragePlugin */ = {
			isa = XCSwiftPackageProductDependency;
			package = 1876BF5229D6430700D5258E /* XCRemoteSwiftPackageReference "amplify-ios" */;
			productName = AWSS3StoragePlugin;
		};
		1876BF6329D6430700D5258E /* Amplify */ = {
			isa = XCSwiftPackageProductDependency;
			package = 1876BF5229D6430700D5258E /* XCRemoteSwiftPackageReference "amplify-ios" */;
			productName = Amplify;
		};
/* End XCSwiftPackageProductDependency section */
	};
	rootObject = 18CC3589299E8C2C00668AF7 /* Project object */;
}
